// !$*UTF8*$!
{
	archiveVersion = 1;
	classes = {
	};
	objectVersion = 46;
	objects = {

/* Begin PBXBuildFile section */
		D351AA033E90887D83FD1B2E /* Pods_School_Service_App_OC.framework in Frameworks */ = {isa = PBXBuildFile; fileRef = 27C0C50F4E9CE89F98DF7F7C /* Pods_School_Service_App_OC.framework */; };
		E90877F81DF50B4400BA4CEA /* SearchTextField.m in Sources */ = {isa = PBXBuildFile; fileRef = E90877F71DF50B4400BA4CEA /* SearchTextField.m */; };
		E911E16D1DEEF456008A1A05 /* UIColor_decorationColor.m in Sources */ = {isa = PBXBuildFile; fileRef = E911E16C1DEEF456008A1A05 /* UIColor_decorationColor.m */; };
		E92226551DF3094900A1B808 /* ImageButton.m in Sources */ = {isa = PBXBuildFile; fileRef = E92226541DF3094900A1B808 /* ImageButton.m */; };
		E92E66311E2C77F600A759BB /* LostAndFoundCollectionViewLayout.m in Sources */ = {isa = PBXBuildFile; fileRef = E92E66301E2C77F600A759BB /* LostAndFoundCollectionViewLayout.m */; };
		E92E66341E2C788000A759BB /* LostAndFoundCollectionViewController.m in Sources */ = {isa = PBXBuildFile; fileRef = E92E66331E2C788000A759BB /* LostAndFoundCollectionViewController.m */; };
		E92E66361E2C789600A759BB /* LostAndFoundView.storyboard in Resources */ = {isa = PBXBuildFile; fileRef = E92E66351E2C789600A759BB /* LostAndFoundView.storyboard */; };
		E92E66391E2C7B5C00A759BB /* LostAndFoundCollectionViewCell.m in Sources */ = {isa = PBXBuildFile; fileRef = E92E66381E2C7B5C00A759BB /* LostAndFoundCollectionViewCell.m */; };
		E92E663F1E2C7C5300A759BB /* LostAndFoundModel.m in Sources */ = {isa = PBXBuildFile; fileRef = E92E663E1E2C7C5300A759BB /* LostAndFoundModel.m */; };
		E92E66421E2C821700A759BB /* NewsModel.m in Sources */ = {isa = PBXBuildFile; fileRef = E92E66411E2C821700A759BB /* NewsModel.m */; };
		E92E66451E2C829600A759BB /* PersonalInformationView.storyboard in Resources */ = {isa = PBXBuildFile; fileRef = E92E66441E2C829600A759BB /* PersonalInformationView.storyboard */; };
		E92E66481E2C88FE00A759BB /* LostAndFoundCheckinViewController.m in Sources */ = {isa = PBXBuildFile; fileRef = E92E66471E2C88FE00A759BB /* LostAndFoundCheckinViewController.m */; };
		E92E664A1E2C892D00A759BB /* LostAndFoundCheckinViewController.xib in Resources */ = {isa = PBXBuildFile; fileRef = E92E66491E2C892D00A759BB /* LostAndFoundCheckinViewController.xib */; };
		E92E664D1E2C895900A759BB /* ParcelModel.m in Sources */ = {isa = PBXBuildFile; fileRef = E92E664C1E2C895900A759BB /* ParcelModel.m */; };
		E92E66501E2C896A00A759BB /* ConsumptionModel.m in Sources */ = {isa = PBXBuildFile; fileRef = E92E664F1E2C896A00A759BB /* ConsumptionModel.m */; };
		E942A8441DF45A19001EEC19 /* MainViewController.m in Sources */ = {isa = PBXBuildFile; fileRef = E942A83A1DF45A18001EEC19 /* MainViewController.m */; };
		E942A8451DF45A19001EEC19 /* MenuViewAnimation.m in Sources */ = {isa = PBXBuildFile; fileRef = E942A83D1DF45A18001EEC19 /* MenuViewAnimation.m */; };
		E942A8461DF45A19001EEC19 /* MenuViewAnimationDelegate.m in Sources */ = {isa = PBXBuildFile; fileRef = E942A83F1DF45A18001EEC19 /* MenuViewAnimationDelegate.m */; };
		E942A8471DF45A19001EEC19 /* MenuViewController.m in Sources */ = {isa = PBXBuildFile; fileRef = E942A8411DF45A18001EEC19 /* MenuViewController.m */; };
		E942A84C1DF45A44001EEC19 /* SettingViewController.m in Sources */ = {isa = PBXBuildFile; fileRef = E942A84B1DF45A44001EEC19 /* SettingViewController.m */; };
		E942A8531DF46143001EEC19 /* SettingView.storyboard in Resources */ = {isa = PBXBuildFile; fileRef = E942A8521DF46143001EEC19 /* SettingView.storyboard */; };
		E942A8581DF4894F001EEC19 /* NewsTableViewCell.m in Sources */ = {isa = PBXBuildFile; fileRef = E942A8571DF4894F001EEC19 /* NewsTableViewCell.m */; };
		E942A85C1DF4F694001EEC19 /* ParcelViewController.m in Sources */ = {isa = PBXBuildFile; fileRef = E942A85B1DF4F694001EEC19 /* ParcelViewController.m */; };
		E942A85F1DF4F751001EEC19 /* MenuButton.m in Sources */ = {isa = PBXBuildFile; fileRef = E942A85E1DF4F751001EEC19 /* MenuButton.m */; };
		E9A0ADA91DF3FB7000DDEEBE /* UIView+Border.m in Sources */ = {isa = PBXBuildFile; fileRef = E9A0ADA81DF3FB7000DDEEBE /* UIView+Border.m */; };
		E9E3FDC01E28781200F89821 /* ConsumptionViewController.m in Sources */ = {isa = PBXBuildFile; fileRef = E9E3FDBF1E28781200F89821 /* ConsumptionViewController.m */; };
		E9E3FDC31E28786200F89821 /* ConsumptionTableViewCell.m in Sources */ = {isa = PBXBuildFile; fileRef = E9E3FDC21E28786200F89821 /* ConsumptionTableViewCell.m */; };
		E9E703D01DEC417800F5C042 /* main.m in Sources */ = {isa = PBXBuildFile; fileRef = E9E703CF1DEC417800F5C042 /* main.m */; };
		E9E703D31DEC417800F5C042 /* AppDelegate.m in Sources */ = {isa = PBXBuildFile; fileRef = E9E703D21DEC417800F5C042 /* AppDelegate.m */; };
		E9E703DC1DEC417900F5C042 /* School_Service_App_OC.xcdatamodeld in Sources */ = {isa = PBXBuildFile; fileRef = E9E703DA1DEC417900F5C042 /* School_Service_App_OC.xcdatamodeld */; };
		E9E703DE1DEC417900F5C042 /* Assets.xcassets in Resources */ = {isa = PBXBuildFile; fileRef = E9E703DD1DEC417900F5C042 /* Assets.xcassets */; };
		E9E703E11DEC417900F5C042 /* LaunchScreen.storyboard in Resources */ = {isa = PBXBuildFile; fileRef = E9E703DF1DEC417900F5C042 /* LaunchScreen.storyboard */; };
		E9E703EC1DEC417900F5C042 /* School_Service_App_OCTests.m in Sources */ = {isa = PBXBuildFile; fileRef = E9E703EB1DEC417900F5C042 /* School_Service_App_OCTests.m */; };
		E9E703F71DEC417900F5C042 /* School_Service_App_OCUITests.m in Sources */ = {isa = PBXBuildFile; fileRef = E9E703F61DEC417900F5C042 /* School_Service_App_OCUITests.m */; };
/* End PBXBuildFile section */

/* Begin PBXContainerItemProxy section */
		E9E703E81DEC417900F5C042 /* PBXContainerItemProxy */ = {
			isa = PBXContainerItemProxy;
			containerPortal = E9E703C31DEC417800F5C042 /* Project object */;
			proxyType = 1;
			remoteGlobalIDString = E9E703CA1DEC417800F5C042;
			remoteInfo = "School-Service-App-OC";
		};
		E9E703F31DEC417900F5C042 /* PBXContainerItemProxy */ = {
			isa = PBXContainerItemProxy;
			containerPortal = E9E703C31DEC417800F5C042 /* Project object */;
			proxyType = 1;
			remoteGlobalIDString = E9E703CA1DEC417800F5C042;
			remoteInfo = "School-Service-App-OC";
		};
/* End PBXContainerItemProxy section */

/* Begin PBXFileReference section */
		1EF09A9B4BBBA701DB02E466 /* Pods-School-Service-App-OC.release.xcconfig */ = {isa = PBXFileReference; includeInIndex = 1; lastKnownFileType = text.xcconfig; name = "Pods-School-Service-App-OC.release.xcconfig"; path = "Pods/Target Support Files/Pods-School-Service-App-OC/Pods-School-Service-App-OC.release.xcconfig"; sourceTree = "<group>"; };
		27C0C50F4E9CE89F98DF7F7C /* Pods_School_Service_App_OC.framework */ = {isa = PBXFileReference; explicitFileType = wrapper.framework; includeInIndex = 0; path = Pods_School_Service_App_OC.framework; sourceTree = BUILT_PRODUCTS_DIR; };
		9D49D79A05791A3F90866320 /* Pods-School-Service-App-OC.debug.xcconfig */ = {isa = PBXFileReference; includeInIndex = 1; lastKnownFileType = text.xcconfig; name = "Pods-School-Service-App-OC.debug.xcconfig"; path = "Pods/Target Support Files/Pods-School-Service-App-OC/Pods-School-Service-App-OC.debug.xcconfig"; sourceTree = "<group>"; };
		E90877F61DF50B4400BA4CEA /* SearchTextField.h */ = {isa = PBXFileReference; fileEncoding = 4; lastKnownFileType = sourcecode.c.h; path = SearchTextField.h; sourceTree = "<group>"; };
		E90877F71DF50B4400BA4CEA /* SearchTextField.m */ = {isa = PBXFileReference; fileEncoding = 4; lastKnownFileType = sourcecode.c.objc; path = SearchTextField.m; sourceTree = "<group>"; };
		E911E16A1DEEF3ED008A1A05 /* UIColor_decorationColor.h */ = {isa = PBXFileReference; fileEncoding = 4; lastKnownFileType = sourcecode.c.h; path = UIColor_decorationColor.h; sourceTree = "<group>"; };
		E911E16C1DEEF456008A1A05 /* UIColor_decorationColor.m */ = {isa = PBXFileReference; fileEncoding = 4; lastKnownFileType = sourcecode.c.objc; path = UIColor_decorationColor.m; sourceTree = "<group>"; };
		E922263A1DF2CA3C00A1B808 /* UIScreen_ScreenSize.h */ = {isa = PBXFileReference; fileEncoding = 4; lastKnownFileType = sourcecode.c.h; path = UIScreen_ScreenSize.h; sourceTree = "<group>"; };
		E92226531DF3094900A1B808 /* ImageButton.h */ = {isa = PBXFileReference; fileEncoding = 4; lastKnownFileType = sourcecode.c.h; path = ImageButton.h; sourceTree = "<group>"; };
		E92226541DF3094900A1B808 /* ImageButton.m */ = {isa = PBXFileReference; fileEncoding = 4; lastKnownFileType = sourcecode.c.objc; path = ImageButton.m; sourceTree = "<group>"; };
		E92E662F1E2C77F600A759BB /* LostAndFoundCollectionViewLayout.h */ = {isa = PBXFileReference; fileEncoding = 4; lastKnownFileType = sourcecode.c.h; path = LostAndFoundCollectionViewLayout.h; sourceTree = "<group>"; };
		E92E66301E2C77F600A759BB /* LostAndFoundCollectionViewLayout.m */ = {isa = PBXFileReference; fileEncoding = 4; lastKnownFileType = sourcecode.c.objc; path = LostAndFoundCollectionViewLayout.m; sourceTree = "<group>"; };
		E92E66321E2C788000A759BB /* LostAndFoundCollectionViewController.h */ = {isa = PBXFileReference; fileEncoding = 4; lastKnownFileType = sourcecode.c.h; path = LostAndFoundCollectionViewController.h; sourceTree = "<group>"; };
		E92E66331E2C788000A759BB /* LostAndFoundCollectionViewController.m */ = {isa = PBXFileReference; fileEncoding = 4; lastKnownFileType = sourcecode.c.objc; path = LostAndFoundCollectionViewController.m; sourceTree = "<group>"; };
		E92E66351E2C789600A759BB /* LostAndFoundView.storyboard */ = {isa = PBXFileReference; fileEncoding = 4; lastKnownFileType = file.storyboard; path = LostAndFoundView.storyboard; sourceTree = "<group>"; };
		E92E66371E2C7B5C00A759BB /* LostAndFoundCollectionViewCell.h */ = {isa = PBXFileReference; fileEncoding = 4; lastKnownFileType = sourcecode.c.h; path = LostAndFoundCollectionViewCell.h; sourceTree = "<group>"; };
		E92E66381E2C7B5C00A759BB /* LostAndFoundCollectionViewCell.m */ = {isa = PBXFileReference; fileEncoding = 4; lastKnownFileType = sourcecode.c.objc; path = LostAndFoundCollectionViewCell.m; sourceTree = "<group>"; };
		E92E663D1E2C7C5300A759BB /* LostAndFoundModel.h */ = {isa = PBXFileReference; fileEncoding = 4; lastKnownFileType = sourcecode.c.h; name = LostAndFoundModel.h; path = "School-Service-App-OC/View/LostAndFound/LostAndFoundModel.h"; sourceTree = SOURCE_ROOT; };
		E92E663E1E2C7C5300A759BB /* LostAndFoundModel.m */ = {isa = PBXFileReference; fileEncoding = 4; lastKnownFileType = sourcecode.c.objc; name = LostAndFoundModel.m; path = "School-Service-App-OC/View/LostAndFound/LostAndFoundModel.m"; sourceTree = SOURCE_ROOT; };
		E92E66401E2C821600A759BB /* NewsModel.h */ = {isa = PBXFileReference; fileEncoding = 4; lastKnownFileType = sourcecode.c.h; name = NewsModel.h; path = "School-Service-App-OC/View/LostAndFound/NewsModel.h"; sourceTree = SOURCE_ROOT; };
		E92E66411E2C821700A759BB /* NewsModel.m */ = {isa = PBXFileReference; fileEncoding = 4; lastKnownFileType = sourcecode.c.objc; name = NewsModel.m; path = "School-Service-App-OC/View/LostAndFound/NewsModel.m"; sourceTree = SOURCE_ROOT; };
		E92E66441E2C829600A759BB /* PersonalInformationView.storyboard */ = {isa = PBXFileReference; fileEncoding = 4; lastKnownFileType = file.storyboard; path = PersonalInformationView.storyboard; sourceTree = "<group>"; };
		E92E66461E2C88FE00A759BB /* LostAndFoundCheckinViewController.h */ = {isa = PBXFileReference; fileEncoding = 4; lastKnownFileType = sourcecode.c.h; path = LostAndFoundCheckinViewController.h; sourceTree = "<group>"; };
		E92E66471E2C88FE00A759BB /* LostAndFoundCheckinViewController.m */ = {isa = PBXFileReference; fileEncoding = 4; lastKnownFileType = sourcecode.c.objc; path = LostAndFoundCheckinViewController.m; sourceTree = "<group>"; };
		E92E66491E2C892D00A759BB /* LostAndFoundCheckinViewController.xib */ = {isa = PBXFileReference; fileEncoding = 4; lastKnownFileType = file.xib; path = LostAndFoundCheckinViewController.xib; sourceTree = "<group>"; };
		E92E664B1E2C895900A759BB /* ParcelModel.h */ = {isa = PBXFileReference; fileEncoding = 4; lastKnownFileType = sourcecode.c.h; name = ParcelModel.h; path = "School-Service-App-OC/View/LostAndFound/ParcelModel.h"; sourceTree = SOURCE_ROOT; };
		E92E664C1E2C895900A759BB /* ParcelModel.m */ = {isa = PBXFileReference; fileEncoding = 4; lastKnownFileType = sourcecode.c.objc; name = ParcelModel.m; path = "School-Service-App-OC/View/LostAndFound/ParcelModel.m"; sourceTree = SOURCE_ROOT; };
		E92E664E1E2C896A00A759BB /* ConsumptionModel.h */ = {isa = PBXFileReference; fileEncoding = 4; lastKnownFileType = sourcecode.c.h; name = ConsumptionModel.h; path = "School-Service-App-OC/View/LostAndFound/ConsumptionModel.h"; sourceTree = SOURCE_ROOT; };
		E92E664F1E2C896A00A759BB /* ConsumptionModel.m */ = {isa = PBXFileReference; fileEncoding = 4; lastKnownFileType = sourcecode.c.objc; name = ConsumptionModel.m; path = "School-Service-App-OC/View/LostAndFound/ConsumptionModel.m"; sourceTree = SOURCE_ROOT; };
		E942A8391DF45A18001EEC19 /* MainViewController.h */ = {isa = PBXFileReference; fileEncoding = 4; lastKnownFileType = sourcecode.c.h; path = MainViewController.h; sourceTree = "<group>"; };
		E942A83A1DF45A18001EEC19 /* MainViewController.m */ = {isa = PBXFileReference; fileEncoding = 4; lastKnownFileType = sourcecode.c.objc; path = MainViewController.m; sourceTree = "<group>"; };
		E942A83C1DF45A18001EEC19 /* MenuViewAnimation.h */ = {isa = PBXFileReference; fileEncoding = 4; lastKnownFileType = sourcecode.c.h; path = MenuViewAnimation.h; sourceTree = "<group>"; };
		E942A83D1DF45A18001EEC19 /* MenuViewAnimation.m */ = {isa = PBXFileReference; fileEncoding = 4; lastKnownFileType = sourcecode.c.objc; path = MenuViewAnimation.m; sourceTree = "<group>"; };
		E942A83E1DF45A18001EEC19 /* MenuViewAnimationDelegate.h */ = {isa = PBXFileReference; fileEncoding = 4; lastKnownFileType = sourcecode.c.h; path = MenuViewAnimationDelegate.h; sourceTree = "<group>"; };
		E942A83F1DF45A18001EEC19 /* MenuViewAnimationDelegate.m */ = {isa = PBXFileReference; fileEncoding = 4; lastKnownFileType = sourcecode.c.objc; path = MenuViewAnimationDelegate.m; sourceTree = "<group>"; };
		E942A8401DF45A18001EEC19 /* MenuViewController.h */ = {isa = PBXFileReference; fileEncoding = 4; lastKnownFileType = sourcecode.c.h; path = MenuViewController.h; sourceTree = "<group>"; };
		E942A8411DF45A18001EEC19 /* MenuViewController.m */ = {isa = PBXFileReference; fileEncoding = 4; lastKnownFileType = sourcecode.c.objc; path = MenuViewController.m; sourceTree = "<group>"; };
		E942A84A1DF45A44001EEC19 /* SettingViewController.h */ = {isa = PBXFileReference; fileEncoding = 4; lastKnownFileType = sourcecode.c.h; path = SettingViewController.h; sourceTree = "<group>"; };
		E942A84B1DF45A44001EEC19 /* SettingViewController.m */ = {isa = PBXFileReference; fileEncoding = 4; lastKnownFileType = sourcecode.c.objc; path = SettingViewController.m; sourceTree = "<group>"; };
		E942A8521DF46143001EEC19 /* SettingView.storyboard */ = {isa = PBXFileReference; fileEncoding = 4; lastKnownFileType = file.storyboard; path = SettingView.storyboard; sourceTree = "<group>"; };
		E942A8561DF4894F001EEC19 /* NewsTableViewCell.h */ = {isa = PBXFileReference; fileEncoding = 4; lastKnownFileType = sourcecode.c.h; path = NewsTableViewCell.h; sourceTree = "<group>"; };
		E942A8571DF4894F001EEC19 /* NewsTableViewCell.m */ = {isa = PBXFileReference; fileEncoding = 4; lastKnownFileType = sourcecode.c.objc; path = NewsTableViewCell.m; sourceTree = "<group>"; };
		E942A85A1DF4F694001EEC19 /* ParcelViewController.h */ = {isa = PBXFileReference; fileEncoding = 4; lastKnownFileType = sourcecode.c.h; path = ParcelViewController.h; sourceTree = "<group>"; };
		E942A85B1DF4F694001EEC19 /* ParcelViewController.m */ = {isa = PBXFileReference; fileEncoding = 4; lastKnownFileType = sourcecode.c.objc; path = ParcelViewController.m; sourceTree = "<group>"; };
		E942A85D1DF4F751001EEC19 /* MenuButton.h */ = {isa = PBXFileReference; fileEncoding = 4; lastKnownFileType = sourcecode.c.h; path = MenuButton.h; sourceTree = "<group>"; };
		E942A85E1DF4F751001EEC19 /* MenuButton.m */ = {isa = PBXFileReference; fileEncoding = 4; lastKnownFileType = sourcecode.c.objc; path = MenuButton.m; sourceTree = "<group>"; };
		E9A0ADA71DF3FB7000DDEEBE /* UIView+Border.h */ = {isa = PBXFileReference; fileEncoding = 4; lastKnownFileType = sourcecode.c.h; path = "UIView+Border.h"; sourceTree = "<group>"; };
		E9A0ADA81DF3FB7000DDEEBE /* UIView+Border.m */ = {isa = PBXFileReference; fileEncoding = 4; lastKnownFileType = sourcecode.c.objc; path = "UIView+Border.m"; sourceTree = "<group>"; };
		E9E3FDBE1E28781200F89821 /* ConsumptionViewController.h */ = {isa = PBXFileReference; fileEncoding = 4; lastKnownFileType = sourcecode.c.h; path = ConsumptionViewController.h; sourceTree = "<group>"; };
		E9E3FDBF1E28781200F89821 /* ConsumptionViewController.m */ = {isa = PBXFileReference; fileEncoding = 4; lastKnownFileType = sourcecode.c.objc; path = ConsumptionViewController.m; sourceTree = "<group>"; };
		E9E3FDC11E28786200F89821 /* ConsumptionTableViewCell.h */ = {isa = PBXFileReference; fileEncoding = 4; lastKnownFileType = sourcecode.c.h; path = ConsumptionTableViewCell.h; sourceTree = "<group>"; };
		E9E3FDC21E28786200F89821 /* ConsumptionTableViewCell.m */ = {isa = PBXFileReference; fileEncoding = 4; lastKnownFileType = sourcecode.c.objc; path = ConsumptionTableViewCell.m; sourceTree = "<group>"; };
		E9E703CB1DEC417800F5C042 /* School-Service-App-OC.app */ = {isa = PBXFileReference; explicitFileType = wrapper.application; includeInIndex = 0; path = "School-Service-App-OC.app"; sourceTree = BUILT_PRODUCTS_DIR; };
		E9E703CF1DEC417800F5C042 /* main.m */ = {isa = PBXFileReference; lastKnownFileType = sourcecode.c.objc; path = main.m; sourceTree = "<group>"; };
		E9E703D11DEC417800F5C042 /* AppDelegate.h */ = {isa = PBXFileReference; lastKnownFileType = sourcecode.c.h; path = AppDelegate.h; sourceTree = "<group>"; };
		E9E703D21DEC417800F5C042 /* AppDelegate.m */ = {isa = PBXFileReference; lastKnownFileType = sourcecode.c.objc; path = AppDelegate.m; sourceTree = "<group>"; };
		E9E703DB1DEC417900F5C042 /* School_Service_App_OC.xcdatamodel */ = {isa = PBXFileReference; lastKnownFileType = wrapper.xcdatamodel; path = School_Service_App_OC.xcdatamodel; sourceTree = "<group>"; };
		E9E703DD1DEC417900F5C042 /* Assets.xcassets */ = {isa = PBXFileReference; lastKnownFileType = folder.assetcatalog; path = Assets.xcassets; sourceTree = "<group>"; };
		E9E703E01DEC417900F5C042 /* Base */ = {isa = PBXFileReference; lastKnownFileType = file.storyboard; name = Base; path = Base.lproj/LaunchScreen.storyboard; sourceTree = "<group>"; };
		E9E703E21DEC417900F5C042 /* Info.plist */ = {isa = PBXFileReference; lastKnownFileType = text.plist.xml; path = Info.plist; sourceTree = "<group>"; };
		E9E703E71DEC417900F5C042 /* School-Service-App-OCTests.xctest */ = {isa = PBXFileReference; explicitFileType = wrapper.cfbundle; includeInIndex = 0; path = "School-Service-App-OCTests.xctest"; sourceTree = BUILT_PRODUCTS_DIR; };
		E9E703EB1DEC417900F5C042 /* School_Service_App_OCTests.m */ = {isa = PBXFileReference; lastKnownFileType = sourcecode.c.objc; path = School_Service_App_OCTests.m; sourceTree = "<group>"; };
		E9E703ED1DEC417900F5C042 /* Info.plist */ = {isa = PBXFileReference; lastKnownFileType = text.plist.xml; path = Info.plist; sourceTree = "<group>"; };
		E9E703F21DEC417900F5C042 /* School-Service-App-OCUITests.xctest */ = {isa = PBXFileReference; explicitFileType = wrapper.cfbundle; includeInIndex = 0; path = "School-Service-App-OCUITests.xctest"; sourceTree = BUILT_PRODUCTS_DIR; };
		E9E703F61DEC417900F5C042 /* School_Service_App_OCUITests.m */ = {isa = PBXFileReference; lastKnownFileType = sourcecode.c.objc; path = School_Service_App_OCUITests.m; sourceTree = "<group>"; };
		E9E703F81DEC417900F5C042 /* Info.plist */ = {isa = PBXFileReference; lastKnownFileType = text.plist.xml; path = Info.plist; sourceTree = "<group>"; };
/* End PBXFileReference section */

/* Begin PBXFrameworksBuildPhase section */
		E9E703C81DEC417800F5C042 /* Frameworks */ = {
			isa = PBXFrameworksBuildPhase;
			buildActionMask = 2147483647;
			files = (
				D351AA033E90887D83FD1B2E /* Pods_School_Service_App_OC.framework in Frameworks */,
			);
			runOnlyForDeploymentPostprocessing = 0;
		};
		E9E703E41DEC417900F5C042 /* Frameworks */ = {
			isa = PBXFrameworksBuildPhase;
			buildActionMask = 2147483647;
			files = (
			);
			runOnlyForDeploymentPostprocessing = 0;
		};
		E9E703EF1DEC417900F5C042 /* Frameworks */ = {
			isa = PBXFrameworksBuildPhase;
			buildActionMask = 2147483647;
			files = (
			);
			runOnlyForDeploymentPostprocessing = 0;
		};
/* End PBXFrameworksBuildPhase section */

/* Begin PBXGroup section */
		7B2E2EBF365020407EFB3890 /* Pods */ = {
			isa = PBXGroup;
			children = (
				9D49D79A05791A3F90866320 /* Pods-School-Service-App-OC.debug.xcconfig */,
				1EF09A9B4BBBA701DB02E466 /* Pods-School-Service-App-OC.release.xcconfig */,
			);
			name = Pods;
			sourceTree = "<group>";
		};
		9414093BFFE9620AB91C3C4B /* Frameworks */ = {
			isa = PBXGroup;
			children = (
				27C0C50F4E9CE89F98DF7F7C /* Pods_School_Service_App_OC.framework */,
			);
			name = Frameworks;
			sourceTree = "<group>";
		};
		E911E1681DEEF2CD008A1A05 /* Catagory */ = {
			isa = PBXGroup;
			children = (
				E911E16A1DEEF3ED008A1A05 /* UIColor_decorationColor.h */,
				E911E16C1DEEF456008A1A05 /* UIColor_decorationColor.m */,
				E922263A1DF2CA3C00A1B808 /* UIScreen_ScreenSize.h */,
				E9A0ADA71DF3FB7000DDEEBE /* UIView+Border.h */,
				E9A0ADA81DF3FB7000DDEEBE /* UIView+Border.m */,
			);
			path = Catagory;
			sourceTree = "<group>";
		};
		E92226421DF3091700A1B808 /* View */ = {
			isa = PBXGroup;
			children = (
				E92E66431E2C828700A759BB /* PersonalInformation */,
				E92E662B1E2C771800A759BB /* LostAndFound */,
				E942A8591DF4F676001EEC19 /* Parcel */,
				E9E3FDBD1E2877D800F89821 /* Consumption */,
				E942A8341DF45A18001EEC19 /* Setting */,
				E942A8351DF45A18001EEC19 /* Main */,
				E942A83B1DF45A18001EEC19 /* Menu */,
			);
			path = View;
			sourceTree = "<group>";
		};
		E92226521DF3091F00A1B808 /* CustomView */ = {
			isa = PBXGroup;
			children = (
				E92226531DF3094900A1B808 /* ImageButton.h */,
				E92226541DF3094900A1B808 /* ImageButton.m */,
				E942A85D1DF4F751001EEC19 /* MenuButton.h */,
				E942A85E1DF4F751001EEC19 /* MenuButton.m */,
				E90877F61DF50B4400BA4CEA /* SearchTextField.h */,
				E90877F71DF50B4400BA4CEA /* SearchTextField.m */,
			);
			path = CustomView;
			sourceTree = "<group>";
		};
		E92E662B1E2C771800A759BB /* LostAndFound */ = {
			isa = PBXGroup;
			children = (
				E92E662F1E2C77F600A759BB /* LostAndFoundCollectionViewLayout.h */,
				E92E66301E2C77F600A759BB /* LostAndFoundCollectionViewLayout.m */,
				E92E66321E2C788000A759BB /* LostAndFoundCollectionViewController.h */,
				E92E66331E2C788000A759BB /* LostAndFoundCollectionViewController.m */,
				E92E66351E2C789600A759BB /* LostAndFoundView.storyboard */,
				E92E66371E2C7B5C00A759BB /* LostAndFoundCollectionViewCell.h */,
				E92E66381E2C7B5C00A759BB /* LostAndFoundCollectionViewCell.m */,
				E92E66461E2C88FE00A759BB /* LostAndFoundCheckinViewController.h */,
				E92E66471E2C88FE00A759BB /* LostAndFoundCheckinViewController.m */,
				E92E66491E2C892D00A759BB /* LostAndFoundCheckinViewController.xib */,
			);
			path = LostAndFound;
			sourceTree = "<group>";
		};
		E92E66431E2C828700A759BB /* PersonalInformation */ = {
			isa = PBXGroup;
			children = (
				E92E66441E2C829600A759BB /* PersonalInformationView.storyboard */,
			);
			path = PersonalInformation;
			sourceTree = "<group>";
		};
		E942A8341DF45A18001EEC19 /* Setting */ = {
			isa = PBXGroup;
			children = (
				E942A84A1DF45A44001EEC19 /* SettingViewController.h */,
				E942A84B1DF45A44001EEC19 /* SettingViewController.m */,
				E942A8521DF46143001EEC19 /* SettingView.storyboard */,
			);
			path = Setting;
			sourceTree = "<group>";
		};
		E942A8351DF45A18001EEC19 /* Main */ = {
			isa = PBXGroup;
			children = (
				E942A8391DF45A18001EEC19 /* MainViewController.h */,
				E942A83A1DF45A18001EEC19 /* MainViewController.m */,
				E942A8561DF4894F001EEC19 /* NewsTableViewCell.h */,
				E942A8571DF4894F001EEC19 /* NewsTableViewCell.m */,
			);
			path = Main;
			sourceTree = "<group>";
		};
		E942A83B1DF45A18001EEC19 /* Menu */ = {
			isa = PBXGroup;
			children = (
				E942A83C1DF45A18001EEC19 /* MenuViewAnimation.h */,
				E942A83D1DF45A18001EEC19 /* MenuViewAnimation.m */,
				E942A83E1DF45A18001EEC19 /* MenuViewAnimationDelegate.h */,
				E942A83F1DF45A18001EEC19 /* MenuViewAnimationDelegate.m */,
				E942A8401DF45A18001EEC19 /* MenuViewController.h */,
				E942A8411DF45A18001EEC19 /* MenuViewController.m */,
			);
			path = Menu;
			sourceTree = "<group>";
		};
		E942A8591DF4F676001EEC19 /* Parcel */ = {
			isa = PBXGroup;
			children = (
				E942A85A1DF4F694001EEC19 /* ParcelViewController.h */,
				E942A85B1DF4F694001EEC19 /* ParcelViewController.m */,
			);
			path = Parcel;
			sourceTree = "<group>";
		};
		E9E3FDBD1E2877D800F89821 /* Consumption */ = {
			isa = PBXGroup;
			children = (
				E9E3FDBE1E28781200F89821 /* ConsumptionViewController.h */,
				E9E3FDBF1E28781200F89821 /* ConsumptionViewController.m */,
				E9E3FDC11E28786200F89821 /* ConsumptionTableViewCell.h */,
				E9E3FDC21E28786200F89821 /* ConsumptionTableViewCell.m */,
			);
			path = Consumption;
			sourceTree = "<group>";
		};
		E9E703C21DEC417800F5C042 = {
			isa = PBXGroup;
			children = (
				E9E703CD1DEC417800F5C042 /* School-Service-App-OC */,
				E9E703EA1DEC417900F5C042 /* School-Service-App-OCTests */,
				E9E703F51DEC417900F5C042 /* School-Service-App-OCUITests */,
				E9E703CC1DEC417800F5C042 /* Products */,
				7B2E2EBF365020407EFB3890 /* Pods */,
				9414093BFFE9620AB91C3C4B /* Frameworks */,
			);
			sourceTree = "<group>";
		};
		E9E703CC1DEC417800F5C042 /* Products */ = {
			isa = PBXGroup;
			children = (
				E9E703CB1DEC417800F5C042 /* School-Service-App-OC.app */,
				E9E703E71DEC417900F5C042 /* School-Service-App-OCTests.xctest */,
				E9E703F21DEC417900F5C042 /* School-Service-App-OCUITests.xctest */,
			);
			name = Products;
			sourceTree = "<group>";
		};
		E9E703CD1DEC417800F5C042 /* School-Service-App-OC */ = {
			isa = PBXGroup;
			children = (
				E92226521DF3091F00A1B808 /* CustomView */,
				E92226421DF3091700A1B808 /* View */,
				E911E1681DEEF2CD008A1A05 /* Catagory */,
				E9E704041DEC41C600F5C042 /* Model */,
				E9E703D11DEC417800F5C042 /* AppDelegate.h */,
				E9E703D21DEC417800F5C042 /* AppDelegate.m */,
				E9E703DD1DEC417900F5C042 /* Assets.xcassets */,
				E9E703DF1DEC417900F5C042 /* LaunchScreen.storyboard */,
				E9E703E21DEC417900F5C042 /* Info.plist */,
				E9E703DA1DEC417900F5C042 /* School_Service_App_OC.xcdatamodeld */,
				E9E703CE1DEC417800F5C042 /* Supporting Files */,
			);
			path = "School-Service-App-OC";
			sourceTree = "<group>";
		};
		E9E703CE1DEC417800F5C042 /* Supporting Files */ = {
			isa = PBXGroup;
			children = (
				E9E703CF1DEC417800F5C042 /* main.m */,
			);
			name = "Supporting Files";
			sourceTree = "<group>";
		};
		E9E703EA1DEC417900F5C042 /* School-Service-App-OCTests */ = {
			isa = PBXGroup;
			children = (
				E9E703EB1DEC417900F5C042 /* School_Service_App_OCTests.m */,
				E9E703ED1DEC417900F5C042 /* Info.plist */,
			);
			path = "School-Service-App-OCTests";
			sourceTree = "<group>";
		};
		E9E703F51DEC417900F5C042 /* School-Service-App-OCUITests */ = {
			isa = PBXGroup;
			children = (
				E9E703F61DEC417900F5C042 /* School_Service_App_OCUITests.m */,
				E9E703F81DEC417900F5C042 /* Info.plist */,
			);
			path = "School-Service-App-OCUITests";
			sourceTree = "<group>";
		};
		E9E704041DEC41C600F5C042 /* Model */ = {
			isa = PBXGroup;
			children = (
				E92E663D1E2C7C5300A759BB /* LostAndFoundModel.h */,
				E92E663E1E2C7C5300A759BB /* LostAndFoundModel.m */,
				E92E66401E2C821600A759BB /* NewsModel.h */,
				E92E66411E2C821700A759BB /* NewsModel.m */,
				E92E664B1E2C895900A759BB /* ParcelModel.h */,
				E92E664C1E2C895900A759BB /* ParcelModel.m */,
				E92E664E1E2C896A00A759BB /* ConsumptionModel.h */,
				E92E664F1E2C896A00A759BB /* ConsumptionModel.m */,
			);
			path = Model;
			sourceTree = "<group>";
		};
/* End PBXGroup section */

/* Begin PBXNativeTarget section */
		E9E703CA1DEC417800F5C042 /* School-Service-App-OC */ = {
			isa = PBXNativeTarget;
			buildConfigurationList = E9E703FB1DEC417900F5C042 /* Build configuration list for PBXNativeTarget "School-Service-App-OC" */;
			buildPhases = (
				3EBC61951CE2B2EC30092D40 /* [CP] Check Pods Manifest.lock */,
				E9E703C71DEC417800F5C042 /* Sources */,
				E9E703C81DEC417800F5C042 /* Frameworks */,
				E9E703C91DEC417800F5C042 /* Resources */,
				2E390EEF76D389623F616D0B /* [CP] Embed Pods Frameworks */,
				3CCC33D97D49AE40F85D8742 /* [CP] Copy Pods Resources */,
			);
			buildRules = (
			);
			dependencies = (
			);
			name = "School-Service-App-OC";
			productName = "School-Service-App-OC";
			productReference = E9E703CB1DEC417800F5C042 /* School-Service-App-OC.app */;
			productType = "com.apple.product-type.application";
		};
		E9E703E61DEC417900F5C042 /* School-Service-App-OCTests */ = {
			isa = PBXNativeTarget;
			buildConfigurationList = E9E703FE1DEC417900F5C042 /* Build configuration list for PBXNativeTarget "School-Service-App-OCTests" */;
			buildPhases = (
				E9E703E31DEC417900F5C042 /* Sources */,
				E9E703E41DEC417900F5C042 /* Frameworks */,
				E9E703E51DEC417900F5C042 /* Resources */,
			);
			buildRules = (
			);
			dependencies = (
				E9E703E91DEC417900F5C042 /* PBXTargetDependency */,
			);
			name = "School-Service-App-OCTests";
			productName = "School-Service-App-OCTests";
			productReference = E9E703E71DEC417900F5C042 /* School-Service-App-OCTests.xctest */;
			productType = "com.apple.product-type.bundle.unit-test";
		};
		E9E703F11DEC417900F5C042 /* School-Service-App-OCUITests */ = {
			isa = PBXNativeTarget;
			buildConfigurationList = E9E704011DEC417900F5C042 /* Build configuration list for PBXNativeTarget "School-Service-App-OCUITests" */;
			buildPhases = (
				E9E703EE1DEC417900F5C042 /* Sources */,
				E9E703EF1DEC417900F5C042 /* Frameworks */,
				E9E703F01DEC417900F5C042 /* Resources */,
			);
			buildRules = (
			);
			dependencies = (
				E9E703F41DEC417900F5C042 /* PBXTargetDependency */,
			);
			name = "School-Service-App-OCUITests";
			productName = "School-Service-App-OCUITests";
			productReference = E9E703F21DEC417900F5C042 /* School-Service-App-OCUITests.xctest */;
			productType = "com.apple.product-type.bundle.ui-testing";
		};
/* End PBXNativeTarget section */

/* Begin PBXProject section */
		E9E703C31DEC417800F5C042 /* Project object */ = {
			isa = PBXProject;
			attributes = {
				LastUpgradeCheck = 0810;
				ORGANIZATIONNAME = NKjay;
				TargetAttributes = {
					E9E703CA1DEC417800F5C042 = {
						CreatedOnToolsVersion = 8.1;
						ProvisioningStyle = Automatic;
					};
					E9E703E61DEC417900F5C042 = {
						CreatedOnToolsVersion = 8.1;
						ProvisioningStyle = Automatic;
						TestTargetID = E9E703CA1DEC417800F5C042;
					};
					E9E703F11DEC417900F5C042 = {
						CreatedOnToolsVersion = 8.1;
						ProvisioningStyle = Automatic;
						TestTargetID = E9E703CA1DEC417800F5C042;
					};
				};
			};
			buildConfigurationList = E9E703C61DEC417800F5C042 /* Build configuration list for PBXProject "School-Service-App-OC" */;
			compatibilityVersion = "Xcode 3.2";
			developmentRegion = English;
			hasScannedForEncodings = 0;
			knownRegions = (
				en,
				Base,
			);
			mainGroup = E9E703C21DEC417800F5C042;
			productRefGroup = E9E703CC1DEC417800F5C042 /* Products */;
			projectDirPath = "";
			projectRoot = "";
			targets = (
				E9E703CA1DEC417800F5C042 /* School-Service-App-OC */,
				E9E703E61DEC417900F5C042 /* School-Service-App-OCTests */,
				E9E703F11DEC417900F5C042 /* School-Service-App-OCUITests */,
			);
		};
/* End PBXProject section */

/* Begin PBXResourcesBuildPhase section */
		E9E703C91DEC417800F5C042 /* Resources */ = {
			isa = PBXResourcesBuildPhase;
			buildActionMask = 2147483647;
			files = (
				E9E703E11DEC417900F5C042 /* LaunchScreen.storyboard in Resources */,
				E92E664A1E2C892D00A759BB /* LostAndFoundCheckinViewController.xib in Resources */,
				E942A8531DF46143001EEC19 /* SettingView.storyboard in Resources */,
				E92E66361E2C789600A759BB /* LostAndFoundView.storyboard in Resources */,
				E92E66451E2C829600A759BB /* PersonalInformationView.storyboard in Resources */,
				E9E703DE1DEC417900F5C042 /* Assets.xcassets in Resources */,
			);
			runOnlyForDeploymentPostprocessing = 0;
		};
		E9E703E51DEC417900F5C042 /* Resources */ = {
			isa = PBXResourcesBuildPhase;
			buildActionMask = 2147483647;
			files = (
			);
			runOnlyForDeploymentPostprocessing = 0;
		};
		E9E703F01DEC417900F5C042 /* Resources */ = {
			isa = PBXResourcesBuildPhase;
			buildActionMask = 2147483647;
			files = (
			);
			runOnlyForDeploymentPostprocessing = 0;
		};
/* End PBXResourcesBuildPhase section */

/* Begin PBXShellScriptBuildPhase section */
		2E390EEF76D389623F616D0B /* [CP] Embed Pods Frameworks */ = {
			isa = PBXShellScriptBuildPhase;
			buildActionMask = 2147483647;
			files = (
			);
			inputPaths = (
			);
			name = "[CP] Embed Pods Frameworks";
			outputPaths = (
			);
			runOnlyForDeploymentPostprocessing = 0;
			shellPath = /bin/sh;
			shellScript = "\"${SRCROOT}/Pods/Target Support Files/Pods-School-Service-App-OC/Pods-School-Service-App-OC-frameworks.sh\"\n";
			showEnvVarsInLog = 0;
		};
		3CCC33D97D49AE40F85D8742 /* [CP] Copy Pods Resources */ = {
			isa = PBXShellScriptBuildPhase;
			buildActionMask = 2147483647;
			files = (
			);
			inputPaths = (
			);
			name = "[CP] Copy Pods Resources";
			outputPaths = (
			);
			runOnlyForDeploymentPostprocessing = 0;
			shellPath = /bin/sh;
			shellScript = "\"${SRCROOT}/Pods/Target Support Files/Pods-School-Service-App-OC/Pods-School-Service-App-OC-resources.sh\"\n";
			showEnvVarsInLog = 0;
		};
		3EBC61951CE2B2EC30092D40 /* [CP] Check Pods Manifest.lock */ = {
			isa = PBXShellScriptBuildPhase;
			buildActionMask = 2147483647;
			files = (
			);
			inputPaths = (
			);
			name = "[CP] Check Pods Manifest.lock";
			outputPaths = (
			);
			runOnlyForDeploymentPostprocessing = 0;
			shellPath = /bin/sh;
			shellScript = "diff \"${PODS_ROOT}/../Podfile.lock\" \"${PODS_ROOT}/Manifest.lock\" > /dev/null\nif [ $? != 0 ] ; then\n    # print error to STDERR\n    echo \"error: The sandbox is not in sync with the Podfile.lock. Run 'pod install' or update your CocoaPods installation.\" >&2\n    exit 1\nfi\n";
			showEnvVarsInLog = 0;
		};
/* End PBXShellScriptBuildPhase section */

/* Begin PBXSourcesBuildPhase section */
		E9E703C71DEC417800F5C042 /* Sources */ = {
			isa = PBXSourcesBuildPhase;
			buildActionMask = 2147483647;
			files = (
				E9E703D31DEC417800F5C042 /* AppDelegate.m in Sources */,
				E9E703D01DEC417800F5C042 /* main.m in Sources */,
				E942A8441DF45A19001EEC19 /* MainViewController.m in Sources */,
				E9E703DC1DEC417900F5C042 /* School_Service_App_OC.xcdatamodeld in Sources */,
				E942A85C1DF4F694001EEC19 /* ParcelViewController.m in Sources */,
				E92E66501E2C896A00A759BB /* ConsumptionModel.m in Sources */,
				E942A8461DF45A19001EEC19 /* MenuViewAnimationDelegate.m in Sources */,
				E92E66421E2C821700A759BB /* NewsModel.m in Sources */,
				E9A0ADA91DF3FB7000DDEEBE /* UIView+Border.m in Sources */,
				E9E3FDC01E28781200F89821 /* ConsumptionViewController.m in Sources */,
				E92E66481E2C88FE00A759BB /* LostAndFoundCheckinViewController.m in Sources */,
				E92E66341E2C788000A759BB /* LostAndFoundCollectionViewController.m in Sources */,
				E942A85F1DF4F751001EEC19 /* MenuButton.m in Sources */,
				E911E16D1DEEF456008A1A05 /* UIColor_decorationColor.m in Sources */,
				E92E663F1E2C7C5300A759BB /* LostAndFoundModel.m in Sources */,
				E942A8451DF45A19001EEC19 /* MenuViewAnimation.m in Sources */,
				E90877F81DF50B4400BA4CEA /* SearchTextField.m in Sources */,
				E92E664D1E2C895900A759BB /* ParcelModel.m in Sources */,
				E942A8471DF45A19001EEC19 /* MenuViewController.m in Sources */,
				E92E66391E2C7B5C00A759BB /* LostAndFoundCollectionViewCell.m in Sources */,
				E92226551DF3094900A1B808 /* ImageButton.m in Sources */,
				E942A8581DF4894F001EEC19 /* NewsTableViewCell.m in Sources */,
				E942A84C1DF45A44001EEC19 /* SettingViewController.m in Sources */,
				E9E3FDC31E28786200F89821 /* ConsumptionTableViewCell.m in Sources */,
				E92E66311E2C77F600A759BB /* LostAndFoundCollectionViewLayout.m in Sources */,
			);
			runOnlyForDeploymentPostprocessing = 0;
		};
		E9E703E31DEC417900F5C042 /* Sources */ = {
			isa = PBXSourcesBuildPhase;
			buildActionMask = 2147483647;
			files = (
				E9E703EC1DEC417900F5C042 /* School_Service_App_OCTests.m in Sources */,
			);
			runOnlyForDeploymentPostprocessing = 0;
		};
		E9E703EE1DEC417900F5C042 /* Sources */ = {
			isa = PBXSourcesBuildPhase;
			buildActionMask = 2147483647;
			files = (
				E9E703F71DEC417900F5C042 /* School_Service_App_OCUITests.m in Sources */,
			);
			runOnlyForDeploymentPostprocessing = 0;
		};
/* End PBXSourcesBuildPhase section */

/* Begin PBXTargetDependency section */
		E9E703E91DEC417900F5C042 /* PBXTargetDependency */ = {
			isa = PBXTargetDependency;
			target = E9E703CA1DEC417800F5C042 /* School-Service-App-OC */;
			targetProxy = E9E703E81DEC417900F5C042 /* PBXContainerItemProxy */;
		};
		E9E703F41DEC417900F5C042 /* PBXTargetDependency */ = {
			isa = PBXTargetDependency;
			target = E9E703CA1DEC417800F5C042 /* School-Service-App-OC */;
			targetProxy = E9E703F31DEC417900F5C042 /* PBXContainerItemProxy */;
		};
/* End PBXTargetDependency section */

/* Begin PBXVariantGroup section */
		E9E703DF1DEC417900F5C042 /* LaunchScreen.storyboard */ = {
			isa = PBXVariantGroup;
			children = (
				E9E703E01DEC417900F5C042 /* Base */,
			);
			name = LaunchScreen.storyboard;
			sourceTree = "<group>";
		};
/* End PBXVariantGroup section */

/* Begin XCBuildConfiguration section */
		E9E703F91DEC417900F5C042 /* Debug */ = {
			isa = XCBuildConfiguration;
			buildSettings = {
				ALWAYS_SEARCH_USER_PATHS = NO;
				CLANG_ANALYZER_NONNULL = YES;
				CLANG_CXX_LANGUAGE_STANDARD = "gnu++0x";
				CLANG_CXX_LIBRARY = "libc++";
				CLANG_ENABLE_MODULES = YES;
				CLANG_ENABLE_OBJC_ARC = YES;
				CLANG_WARN_BOOL_CONVERSION = YES;
				CLANG_WARN_CONSTANT_CONVERSION = YES;
				CLANG_WARN_DIRECT_OBJC_ISA_USAGE = YES_ERROR;
				CLANG_WARN_DOCUMENTATION_COMMENTS = YES;
				CLANG_WARN_EMPTY_BODY = YES;
				CLANG_WARN_ENUM_CONVERSION = YES;
				CLANG_WARN_INFINITE_RECURSION = YES;
				CLANG_WARN_INT_CONVERSION = YES;
				CLANG_WARN_OBJC_ROOT_CLASS = YES_ERROR;
				CLANG_WARN_SUSPICIOUS_MOVE = YES;
				CLANG_WARN_SUSPICIOUS_MOVES = YES;
				CLANG_WARN_UNREACHABLE_CODE = YES;
				CLANG_WARN__DUPLICATE_METHOD_MATCH = YES;
				"CODE_SIGN_IDENTITY[sdk=iphoneos*]" = "iPhone Developer";
				COPY_PHASE_STRIP = NO;
				DEBUG_INFORMATION_FORMAT = dwarf;
				ENABLE_STRICT_OBJC_MSGSEND = YES;
				ENABLE_TESTABILITY = YES;
				GCC_C_LANGUAGE_STANDARD = gnu99;
				GCC_DYNAMIC_NO_PIC = NO;
				GCC_NO_COMMON_BLOCKS = YES;
				GCC_OPTIMIZATION_LEVEL = 0;
				GCC_PREPROCESSOR_DEFINITIONS = (
					"DEBUG=1",
					"$(inherited)",
				);
				GCC_WARN_64_TO_32_BIT_CONVERSION = YES;
				GCC_WARN_ABOUT_RETURN_TYPE = YES_ERROR;
				GCC_WARN_UNDECLARED_SELECTOR = YES;
				GCC_WARN_UNINITIALIZED_AUTOS = YES_AGGRESSIVE;
				GCC_WARN_UNUSED_FUNCTION = YES;
				GCC_WARN_UNUSED_VARIABLE = YES;
				IPHONEOS_DEPLOYMENT_TARGET = 10.1;
				MTL_ENABLE_DEBUG_INFO = YES;
				ONLY_ACTIVE_ARCH = YES;
				SDKROOT = iphoneos;
			};
			name = Debug;
		};
		E9E703FA1DEC417900F5C042 /* Release */ = {
			isa = XCBuildConfiguration;
			buildSettings = {
				ALWAYS_SEARCH_USER_PATHS = NO;
				CLANG_ANALYZER_NONNULL = YES;
				CLANG_CXX_LANGUAGE_STANDARD = "gnu++0x";
				CLANG_CXX_LIBRARY = "libc++";
				CLANG_ENABLE_MODULES = YES;
				CLANG_ENABLE_OBJC_ARC = YES;
				CLANG_WARN_BOOL_CONVERSION = YES;
				CLANG_WARN_CONSTANT_CONVERSION = YES;
				CLANG_WARN_DIRECT_OBJC_ISA_USAGE = YES_ERROR;
				CLANG_WARN_DOCUMENTATION_COMMENTS = YES;
				CLANG_WARN_EMPTY_BODY = YES;
				CLANG_WARN_ENUM_CONVERSION = YES;
				CLANG_WARN_INFINITE_RECURSION = YES;
				CLANG_WARN_INT_CONVERSION = YES;
				CLANG_WARN_OBJC_ROOT_CLASS = YES_ERROR;
				CLANG_WARN_SUSPICIOUS_MOVE = YES;
				CLANG_WARN_SUSPICIOUS_MOVES = YES;
				CLANG_WARN_UNREACHABLE_CODE = YES;
				CLANG_WARN__DUPLICATE_METHOD_MATCH = YES;
				"CODE_SIGN_IDENTITY[sdk=iphoneos*]" = "iPhone Developer";
				COPY_PHASE_STRIP = NO;
				DEBUG_INFORMATION_FORMAT = "dwarf-with-dsym";
				ENABLE_NS_ASSERTIONS = NO;
				ENABLE_STRICT_OBJC_MSGSEND = YES;
				GCC_C_LANGUAGE_STANDARD = gnu99;
				GCC_NO_COMMON_BLOCKS = YES;
				GCC_WARN_64_TO_32_BIT_CONVERSION = YES;
				GCC_WARN_ABOUT_RETURN_TYPE = YES_ERROR;
				GCC_WARN_UNDECLARED_SELECTOR = YES;
				GCC_WARN_UNINITIALIZED_AUTOS = YES_AGGRESSIVE;
				GCC_WARN_UNUSED_FUNCTION = YES;
				GCC_WARN_UNUSED_VARIABLE = YES;
				IPHONEOS_DEPLOYMENT_TARGET = 10.1;
				MTL_ENABLE_DEBUG_INFO = NO;
				SDKROOT = iphoneos;
				VALIDATE_PRODUCT = YES;
			};
			name = Release;
		};
		E9E703FC1DEC417900F5C042 /* Debug */ = {
			isa = XCBuildConfiguration;
			baseConfigurationReference = 9D49D79A05791A3F90866320 /* Pods-School-Service-App-OC.debug.xcconfig */;
			buildSettings = {
				ALWAYS_EMBED_SWIFT_STANDARD_LIBRARIES = YES;
				ASSETCATALOG_COMPILER_APPICON_NAME = AppIcon;
				INFOPLIST_FILE = "School-Service-App-OC/Info.plist";
				LD_RUNPATH_SEARCH_PATHS = "$(inherited) @executable_path/Frameworks";
				PRODUCT_BUNDLE_IDENTIFIER = "u30.tech.School-Service-App-OC";
				PRODUCT_NAME = "$(TARGET_NAME)";
			};
			name = Debug;
		};
		E9E703FD1DEC417900F5C042 /* Release */ = {
			isa = XCBuildConfiguration;
			baseConfigurationReference = 1EF09A9B4BBBA701DB02E466 /* Pods-School-Service-App-OC.release.xcconfig */;
			buildSettings = {
				ALWAYS_EMBED_SWIFT_STANDARD_LIBRARIES = YES;
				ASSETCATALOG_COMPILER_APPICON_NAME = AppIcon;
				INFOPLIST_FILE = "School-Service-App-OC/Info.plist";
				LD_RUNPATH_SEARCH_PATHS = "$(inherited) @executable_path/Frameworks";
				PRODUCT_BUNDLE_IDENTIFIER = "u30.tech.School-Service-App-OC";
				PRODUCT_NAME = "$(TARGET_NAME)";
			};
			name = Release;
		};
		E9E703FF1DEC417900F5C042 /* Debug */ = {
			isa = XCBuildConfiguration;
			buildSettings = {
				BUNDLE_LOADER = "$(TEST_HOST)";
				INFOPLIST_FILE = "School-Service-App-OCTests/Info.plist";
				LD_RUNPATH_SEARCH_PATHS = "$(inherited) @executable_path/Frameworks @loader_path/Frameworks";
				PRODUCT_BUNDLE_IDENTIFIER = "u30.tech.School-Service-App-OCTests";
				PRODUCT_NAME = "$(TARGET_NAME)";
				TEST_HOST = "$(BUILT_PRODUCTS_DIR)/School-Service-App-OC.app/School-Service-App-OC";
			};
			name = Debug;
		};
		E9E704001DEC417900F5C042 /* Release */ = {
			isa = XCBuildConfiguration;
			buildSettings = {
				BUNDLE_LOADER = "$(TEST_HOST)";
				INFOPLIST_FILE = "School-Service-App-OCTests/Info.plist";
				LD_RUNPATH_SEARCH_PATHS = "$(inherited) @executable_path/Frameworks @loader_path/Frameworks";
				PRODUCT_BUNDLE_IDENTIFIER = "u30.tech.School-Service-App-OCTests";
				PRODUCT_NAME = "$(TARGET_NAME)";
				TEST_HOST = "$(BUILT_PRODUCTS_DIR)/School-Service-App-OC.app/School-Service-App-OC";
			};
			name = Release;
		};
		E9E704021DEC417900F5C042 /* Debug */ = {
			isa = XCBuildConfiguration;
			buildSettings = {
				INFOPLIST_FILE = "School-Service-App-OCUITests/Info.plist";
				LD_RUNPATH_SEARCH_PATHS = "$(inherited) @executable_path/Frameworks @loader_path/Frameworks";
				PRODUCT_BUNDLE_IDENTIFIER = "u30.tech.School-Service-App-OCUITests";
				PRODUCT_NAME = "$(TARGET_NAME)";
				TEST_TARGET_NAME = "School-Service-App-OC";
			};
			name = Debug;
		};
		E9E704031DEC417900F5C042 /* Release */ = {
			isa = XCBuildConfiguration;
			buildSettings = {
				INFOPLIST_FILE = "School-Service-App-OCUITests/Info.plist";
				LD_RUNPATH_SEARCH_PATHS = "$(inherited) @executable_path/Frameworks @loader_path/Frameworks";
				PRODUCT_BUNDLE_IDENTIFIER = "u30.tech.School-Service-App-OCUITests";
				PRODUCT_NAME = "$(TARGET_NAME)";
				TEST_TARGET_NAME = "School-Service-App-OC";
			};
			name = Release;
		};
/* End XCBuildConfiguration section */

/* Begin XCConfigurationList section */
		E9E703C61DEC417800F5C042 /* Build configuration list for PBXProject "School-Service-App-OC" */ = {
			isa = XCConfigurationList;
			buildConfigurations = (
				E9E703F91DEC417900F5C042 /* Debug */,
				E9E703FA1DEC417900F5C042 /* Release */,
			);
			defaultConfigurationIsVisible = 0;
			defaultConfigurationName = Release;
		};
		E9E703FB1DEC417900F5C042 /* Build configuration list for PBXNativeTarget "School-Service-App-OC" */ = {
			isa = XCConfigurationList;
			buildConfigurations = (
				E9E703FC1DEC417900F5C042 /* Debug */,
				E9E703FD1DEC417900F5C042 /* Release */,
			);
			defaultConfigurationIsVisible = 0;
			defaultConfigurationName = Release;
		};
		E9E703FE1DEC417900F5C042 /* Build configuration list for PBXNativeTarget "School-Service-App-OCTests" */ = {
			isa = XCConfigurationList;
			buildConfigurations = (
				E9E703FF1DEC417900F5C042 /* Debug */,
				E9E704001DEC417900F5C042 /* Release */,
			);
			defaultConfigurationIsVisible = 0;
			defaultConfigurationName = Release;
		};
		E9E704011DEC417900F5C042 /* Build configuration list for PBXNativeTarget "School-Service-App-OCUITests" */ = {
			isa = XCConfigurationList;
			buildConfigurations = (
				E9E704021DEC417900F5C042 /* Debug */,
				E9E704031DEC417900F5C042 /* Release */,
			);
			defaultConfigurationIsVisible = 0;
			defaultConfigurationName = Release;
		};
/* End XCConfigurationList section */

/* Begin XCVersionGroup section */
		E9E703DA1DEC417900F5C042 /* School_Service_App_OC.xcdatamodeld */ = {
			isa = XCVersionGroup;
			children = (
				E9E703DB1DEC417900F5C042 /* School_Service_App_OC.xcdatamodel */,
			);
			currentVersion = E9E703DB1DEC417900F5C042 /* School_Service_App_OC.xcdatamodel */;
			path = School_Service_App_OC.xcdatamodeld;
			sourceTree = "<group>";
			versionGroupType = wrapper.xcdatamodel;
		};
/* End XCVersionGroup section */
	};
	rootObject = E9E703C31DEC417800F5C042 /* Project object */;
}
